
Microsoft Visual Studio Solution File, Format Version 12.00
# Visual Studio Version 17
VisualStudioVersion = 17.11.35312.102
MinimumVisualStudioVersion = 10.0.40219.1
Project("{FAE04EC0-301F-11D3-BF4B-00C04F79EFBC}") = "Labirint", "Labirint\Labirint.csproj", "{90B050FD-6A75-46F4-AD80-DF2C62943D96}"
EndProject
Global
	GlobalSection(SolutionConfigurationPlatforms) = preSolution
		Debug|Any CPU = Debug|Any CPU
		Release|Any CPU = Release|Any CPU
	EndGlobalSection
	GlobalSection(ProjectConfigurationPlatforms) = postSolution
		{90B050FD-6A75-46F4-AD80-DF2C62943D96}.Debug|Any CPU.ActiveCfg = Debug|Any CPU
		{90B050FD-6A75-46F4-AD80-DF2C62943D96}.Debug|Any CPU.Build.0 = Debug|Any CPU
		{90B050FD-6A75-46F4-AD80-DF2C62943D96}.Release|Any CPU.ActiveCfg = Release|Any CPU
		{90B050FD-6A75-46F4-AD80-DF2C62943D96}.Release|Any CPU.Build.0 = Release|Any CPU
	EndGlobalSection
	GlobalSection(SolutionProperties) = preSolution
		HideSolutionNode = FALSE
	EndGlobalSection
	GlobalSection(ExtensibilityGlobals) = postSolution
		SolutionGuid = {58C659A5-31A5-4FC9-BD55-0FAC3532EC2D}
	EndGlobalSection
EndGlobal
